# THIS IS AN AUTOGENERATED FILE. DO NOT EDIT THIS FILE DIRECTLY.
# yarn lockfile v1


typescript@^4.6.0-dev.20220208:
  version "4.6.0-dev.20220208"
  resolved "https://registry.yarnpkg.com/typescript/-/typescript-4.6.0-dev.20220208.tgz#24a0371626f614f7805fb326bc6a4229eb81e630"
  integrity sha512-2yfS4UYfkLnpVkjs2IEl7T++ojqdPiV5S/akYv1trTf50TZHmGnyhF5Umo2iLWZEuSDmBCe2K52x5qzBXDi+mQ==
